
Microsoft Visual Studio Solution File, Format Version 12.00
# Visual Studio Version 16
VisualStudioVersion = 16.0.30330.147
MinimumVisualStudioVersion = 10.0.40219.1
Project("{FAE04EC0-301F-11D3-BF4B-00C04F79EFBC}") = "WonderMine", "WonderMine\WonderMine.csproj", "{CA41260F-9B85-4188-9919-1D1A22C70444}"
EndProject
Global
	GlobalSection(SolutionConfigurationPlatforms) = preSolution
		Debug|Any CPU = Debug|Any CPU
		Debug|x64 = Debug|x64
		Debug|x86 = Debug|x86
		Release|Any CPU = Release|Any CPU
		Release|x64 = Release|x64
		Release|x86 = Release|x86
	EndGlobalSection
	GlobalSection(ProjectConfigurationPlatforms) = postSolution
		{CA41260F-9B85-4188-9919-1D1A22C70444}.Debug|Any CPU.ActiveCfg = Debug|Any CPU
		{CA41260F-9B85-4188-9919-1D1A22C70444}.Debug|Any CPU.Build.0 = Debug|Any CPU
		{CA41260F-9B85-4188-9919-1D1A22C70444}.Debug|x64.ActiveCfg = Debug|x64
		{CA41260F-9B85-4188-9919-1D1A22C70444}.Debug|x64.Build.0 = Debug|x64
		{CA41260F-9B85-4188-9919-1D1A22C70444}.Debug|x86.ActiveCfg = Debug|x86
		{CA41260F-9B85-4188-9919-1D1A22C70444}.Debug|x86.Build.0 = Debug|x86
		{CA41260F-9B85-4188-9919-1D1A22C70444}.Release|Any CPU.ActiveCfg = Release|Any CPU
		{CA41260F-9B85-4188-9919-1D1A22C70444}.Release|Any CPU.Build.0 = Release|Any CPU
		{CA41260F-9B85-4188-9919-1D1A22C70444}.Release|x64.ActiveCfg = Release|x64
		{CA41260F-9B85-4188-9919-1D1A22C70444}.Release|x64.Build.0 = Release|x64
		{CA41260F-9B85-4188-9919-1D1A22C70444}.Release|x86.ActiveCfg = Release|x86
		{CA41260F-9B85-4188-9919-1D1A22C70444}.Release|x86.Build.0 = Release|x86
	EndGlobalSection
	GlobalSection(SolutionProperties) = preSolution
		HideSolutionNode = FALSE
	EndGlobalSection
	GlobalSection(ExtensibilityGlobals) = postSolution
		SolutionGuid = {B8B18644-D782-42F7-B1FB-46DB338AE30D}
	EndGlobalSection
EndGlobal
